
Microsoft Visual Studio Solution File, Format Version 12.00
# Visual Studio Version 17
VisualStudioVersion = 17.3.32901.215
MinimumVisualStudioVersion = 10.0.40219.1
Project("{FAE04EC0-301F-11D3-BF4B-00C04F79EFBC}") = "SimpleCSharpAnalyzer", "SimpleCSharpAnalyzer\SimpleCSharpAnalyzer.csproj", "{E8151ABE-8CB3-4955-BC09-37C6D65C6A50}"
EndProject
Project("{9A19103F-16F7-4668-BE54-9A1E7A4F7556}") = "Tokenizing", "Tokenizer\Tokenizing.csproj", "{B63EF08C-F9D1-4F21-9715-69C03DA577EA}"
EndProject
Project("{2150E333-8FDC-42A3-9474-1A3956D46DE8}") = "Solution Items", "Solution Items", "{20EFFC21-EA71-42F9-9A8E-74EA0A029CEC}"
	ProjectSection(SolutionItems) = preProject
		todo.txt = todo.txt
	EndProjectSection
EndProject
Global
	GlobalSection(SolutionConfigurationPlatforms) = preSolution
		Debug|Any CPU = Debug|Any CPU
		Release|Any CPU = Release|Any CPU
	EndGlobalSection
	GlobalSection(ProjectConfigurationPlatforms) = postSolution
		{E8151ABE-8CB3-4955-BC09-37C6D65C6A50}.Debug|Any CPU.ActiveCfg = Debug|Any CPU
		{E8151ABE-8CB3-4955-BC09-37C6D65C6A50}.Debug|Any CPU.Build.0 = Debug|Any CPU
		{E8151ABE-8CB3-4955-BC09-37C6D65C6A50}.Release|Any CPU.ActiveCfg = Release|Any CPU
		{E8151ABE-8CB3-4955-BC09-37C6D65C6A50}.Release|Any CPU.Build.0 = Release|Any CPU
		{B63EF08C-F9D1-4F21-9715-69C03DA577EA}.Debug|Any CPU.ActiveCfg = Debug|Any CPU
		{B63EF08C-F9D1-4F21-9715-69C03DA577EA}.Debug|Any CPU.Build.0 = Debug|Any CPU
		{B63EF08C-F9D1-4F21-9715-69C03DA577EA}.Release|Any CPU.ActiveCfg = Release|Any CPU
		{B63EF08C-F9D1-4F21-9715-69C03DA577EA}.Release|Any CPU.Build.0 = Release|Any CPU
	EndGlobalSection
	GlobalSection(SolutionProperties) = preSolution
		HideSolutionNode = FALSE
	EndGlobalSection
	GlobalSection(ExtensibilityGlobals) = postSolution
		SolutionGuid = {C7D388C5-036E-4E3F-BD79-B7162F485F4D}
	EndGlobalSection
EndGlobal
