
Microsoft Visual Studio Solution File, Format Version 12.00
# Visual Studio Version 17
VisualStudioVersion = 17.3.32901.215
MinimumVisualStudioVersion = 10.0.40219.1
Project("{9A19103F-16F7-4668-BE54-9A1E7A4F7556}") = "SimpleCSharpAnalyzer", "SimpleCSharpAnalyzer\SimpleCSharpAnalyzer.csproj", "{E8151ABE-8CB3-4955-BC09-37C6D65C6A50}"
EndProject
Project("{9A19103F-16F7-4668-BE54-9A1E7A4F7556}") = "Tokenizing", "Tokenizer\Tokenizing.csproj", "{B63EF08C-F9D1-4F21-9715-69C03DA577EA}"
EndProject
Project("{2150E333-8FDC-42A3-9474-1A3956D46DE8}") = "Solution Items", "Solution Items", "{20EFFC21-EA71-42F9-9A8E-74EA0A029CEC}"
	ProjectSection(SolutionItems) = preProject
		todo.txt = todo.txt
	EndProjectSection
EndProject
Project("{9A19103F-16F7-4668-BE54-9A1E7A4F7556}") = "TokenBasedChecking", "TokenBasedChecking\TokenBasedChecking.csproj", "{F8ECEABE-4999-4524-B7C0-3BAFDD15FB82}"
EndProject
Project("{9A19103F-16F7-4668-BE54-9A1E7A4F7556}") = "DTOsAndUtilities", "DTOsAndUtilities\DTOsAndUtilities.csproj", "{39CA3C66-D593-4156-A761-C403A2F60ACF}"
EndProject
Project("{9A19103F-16F7-4668-BE54-9A1E7A4F7556}") = "SimpleCSharpAnalyzer.Tests", "SimpleCSharpAnalyzer.Tests\SimpleCSharpAnalyzer.Tests.csproj", "{B1049A70-0CE4-4E67-B436-50FE26663AC2}"
EndProject
Project("{FAE04EC0-301F-11D3-BF4B-00C04F79EFBC}") = "Parser", "Parser\Parser.csproj", "{5E6A8264-9C88-4394-9503-D50E6BADA893}"
	ProjectSection(ProjectDependencies) = postProject
		{39CA3C66-D593-4156-A761-C403A2F60ACF} = {39CA3C66-D593-4156-A761-C403A2F60ACF}
		{B63EF08C-F9D1-4F21-9715-69C03DA577EA} = {B63EF08C-F9D1-4F21-9715-69C03DA577EA}
	EndProjectSection
EndProject
Global
	GlobalSection(SolutionConfigurationPlatforms) = preSolution
		Debug|Any CPU = Debug|Any CPU
		Release|Any CPU = Release|Any CPU
	EndGlobalSection
	GlobalSection(ProjectConfigurationPlatforms) = postSolution
		{E8151ABE-8CB3-4955-BC09-37C6D65C6A50}.Debug|Any CPU.ActiveCfg = Debug|Any CPU
		{E8151ABE-8CB3-4955-BC09-37C6D65C6A50}.Debug|Any CPU.Build.0 = Debug|Any CPU
		{E8151ABE-8CB3-4955-BC09-37C6D65C6A50}.Release|Any CPU.ActiveCfg = Release|Any CPU
		{E8151ABE-8CB3-4955-BC09-37C6D65C6A50}.Release|Any CPU.Build.0 = Release|Any CPU
		{B63EF08C-F9D1-4F21-9715-69C03DA577EA}.Debug|Any CPU.ActiveCfg = Debug|Any CPU
		{B63EF08C-F9D1-4F21-9715-69C03DA577EA}.Debug|Any CPU.Build.0 = Debug|Any CPU
		{B63EF08C-F9D1-4F21-9715-69C03DA577EA}.Release|Any CPU.ActiveCfg = Release|Any CPU
		{B63EF08C-F9D1-4F21-9715-69C03DA577EA}.Release|Any CPU.Build.0 = Release|Any CPU
		{F8ECEABE-4999-4524-B7C0-3BAFDD15FB82}.Debug|Any CPU.ActiveCfg = Debug|Any CPU
		{F8ECEABE-4999-4524-B7C0-3BAFDD15FB82}.Debug|Any CPU.Build.0 = Debug|Any CPU
		{F8ECEABE-4999-4524-B7C0-3BAFDD15FB82}.Release|Any CPU.ActiveCfg = Release|Any CPU
		{F8ECEABE-4999-4524-B7C0-3BAFDD15FB82}.Release|Any CPU.Build.0 = Release|Any CPU
		{39CA3C66-D593-4156-A761-C403A2F60ACF}.Debug|Any CPU.ActiveCfg = Debug|Any CPU
		{39CA3C66-D593-4156-A761-C403A2F60ACF}.Debug|Any CPU.Build.0 = Debug|Any CPU
		{39CA3C66-D593-4156-A761-C403A2F60ACF}.Release|Any CPU.ActiveCfg = Release|Any CPU
		{39CA3C66-D593-4156-A761-C403A2F60ACF}.Release|Any CPU.Build.0 = Release|Any CPU
		{B1049A70-0CE4-4E67-B436-50FE26663AC2}.Debug|Any CPU.ActiveCfg = Debug|Any CPU
		{B1049A70-0CE4-4E67-B436-50FE26663AC2}.Debug|Any CPU.Build.0 = Debug|Any CPU
		{B1049A70-0CE4-4E67-B436-50FE26663AC2}.Release|Any CPU.ActiveCfg = Release|Any CPU
		{B1049A70-0CE4-4E67-B436-50FE26663AC2}.Release|Any CPU.Build.0 = Release|Any CPU
		{5E6A8264-9C88-4394-9503-D50E6BADA893}.Debug|Any CPU.ActiveCfg = Debug|Any CPU
		{5E6A8264-9C88-4394-9503-D50E6BADA893}.Debug|Any CPU.Build.0 = Debug|Any CPU
		{5E6A8264-9C88-4394-9503-D50E6BADA893}.Release|Any CPU.ActiveCfg = Release|Any CPU
		{5E6A8264-9C88-4394-9503-D50E6BADA893}.Release|Any CPU.Build.0 = Release|Any CPU
	EndGlobalSection
	GlobalSection(SolutionProperties) = preSolution
		HideSolutionNode = FALSE
	EndGlobalSection
	GlobalSection(ExtensibilityGlobals) = postSolution
		SolutionGuid = {C7D388C5-036E-4E3F-BD79-B7162F485F4D}
	EndGlobalSection
EndGlobal
